
Microsoft Visual Studio Solution File, Format Version 12.00
# Visual Studio Version 17
VisualStudioVersion = 17.4.33122.133
MinimumVisualStudioVersion = 10.0.40219.1
Project("{9A19103F-16F7-4668-BE54-9A1E7A4F7556}") = "JwtSolution.Entities", "JwtSolution.Entities\JwtSolution.Entities.csproj", "{843A494F-C62F-4892-A536-3B3536A49F10}"
EndProject
Project("{9A19103F-16F7-4668-BE54-9A1E7A4F7556}") = "JwtSolution.DataAccess", "JwtSolution.DataAccess\JwtSolution.DataAccess.csproj", "{68072AD0-EA9C-4217-8323-AE2A7EFB5D23}"
EndProject
Project("{FAE04EC0-301F-11D3-BF4B-00C04F79EFBC}") = "JwtSolution.Business", "JwtSolution.Business\JwtSolution.Business.csproj", "{0BC5691C-2DCF-4729-9AE7-BAE25260AC2A}"
EndProject
Project("{FAE04EC0-301F-11D3-BF4B-00C04F79EFBC}") = "JwtSolution.WebAPI", "JwtSolution.WebAPI\JwtSolution.WebAPI.csproj", "{443ADCAB-E5EC-4540-8B1F-BCF2631381FE}"
EndProject
Global
	GlobalSection(SolutionConfigurationPlatforms) = preSolution
		Debug|Any CPU = Debug|Any CPU
		Release|Any CPU = Release|Any CPU
	EndGlobalSection
	GlobalSection(ProjectConfigurationPlatforms) = postSolution
		{843A494F-C62F-4892-A536-3B3536A49F10}.Debug|Any CPU.ActiveCfg = Debug|Any CPU
		{843A494F-C62F-4892-A536-3B3536A49F10}.Debug|Any CPU.Build.0 = Debug|Any CPU
		{843A494F-C62F-4892-A536-3B3536A49F10}.Release|Any CPU.ActiveCfg = Release|Any CPU
		{843A494F-C62F-4892-A536-3B3536A49F10}.Release|Any CPU.Build.0 = Release|Any CPU
		{68072AD0-EA9C-4217-8323-AE2A7EFB5D23}.Debug|Any CPU.ActiveCfg = Debug|Any CPU
		{68072AD0-EA9C-4217-8323-AE2A7EFB5D23}.Debug|Any CPU.Build.0 = Debug|Any CPU
		{68072AD0-EA9C-4217-8323-AE2A7EFB5D23}.Release|Any CPU.ActiveCfg = Release|Any CPU
		{68072AD0-EA9C-4217-8323-AE2A7EFB5D23}.Release|Any CPU.Build.0 = Release|Any CPU
		{0BC5691C-2DCF-4729-9AE7-BAE25260AC2A}.Debug|Any CPU.ActiveCfg = Debug|Any CPU
		{0BC5691C-2DCF-4729-9AE7-BAE25260AC2A}.Debug|Any CPU.Build.0 = Debug|Any CPU
		{0BC5691C-2DCF-4729-9AE7-BAE25260AC2A}.Release|Any CPU.ActiveCfg = Release|Any CPU
		{0BC5691C-2DCF-4729-9AE7-BAE25260AC2A}.Release|Any CPU.Build.0 = Release|Any CPU
		{443ADCAB-E5EC-4540-8B1F-BCF2631381FE}.Debug|Any CPU.ActiveCfg = Debug|Any CPU
		{443ADCAB-E5EC-4540-8B1F-BCF2631381FE}.Debug|Any CPU.Build.0 = Debug|Any CPU
		{443ADCAB-E5EC-4540-8B1F-BCF2631381FE}.Release|Any CPU.ActiveCfg = Release|Any CPU
		{443ADCAB-E5EC-4540-8B1F-BCF2631381FE}.Release|Any CPU.Build.0 = Release|Any CPU
	EndGlobalSection
	GlobalSection(SolutionProperties) = preSolution
		HideSolutionNode = FALSE
	EndGlobalSection
	GlobalSection(ExtensibilityGlobals) = postSolution
		SolutionGuid = {1F877AEB-53C7-48D5-98CE-3612E51EE649}
	EndGlobalSection
EndGlobal
